
Microsoft Visual Studio Solution File, Format Version 12.00
# Visual Studio Version 17
VisualStudioVersion = 17.10.35201.131
MinimumVisualStudioVersion = 10.0.40219.1
Project("{9A19103F-16F7-4668-BE54-9A1E7A4F7556}") = "Traineeship", "Traineeship\Traineeship.csproj", "{EBD609D8-6DCF-4F43-A888-17D8308ADADF}"
EndProject
Project("{9A19103F-16F7-4668-BE54-9A1E7A4F7556}") = "31.07_array", "31.07_array\31.07_array.csproj", "{39F80557-8E78-4068-8A30-79F3BD544F50}"
EndProject
Project("{9A19103F-16F7-4668-BE54-9A1E7A4F7556}") = "02.08", "02.08\02.08.csproj", "{E5BEEDC2-70F4-4F20-8090-4E30CD8F417F}"
EndProject
Project("{9A19103F-16F7-4668-BE54-9A1E7A4F7556}") = "28.07", "28.07\28.07.csproj", "{9BEFE6BF-21BC-4699-8429-ACC53BA77E5D}"
EndProject
Project("{9A19103F-16F7-4668-BE54-9A1E7A4F7556}") = "28.07-3", "28.07-3\28.07-3.csproj", "{9D4818A2-4F0B-444B-8293-A5A2E0CB239E}"
EndProject
Project("{9A19103F-16F7-4668-BE54-9A1E7A4F7556}") = "28.07-2", "28.07-2\28.07-2.csproj", "{0EC67780-5534-4D9F-BA80-E1533DF82802}"
EndProject
Project("{9A19103F-16F7-4668-BE54-9A1E7A4F7556}") = "28.07 independent", "28.07 independent\28.07 independent.csproj", "{95F6D936-A980-4848-BD86-AA72140F2F7E}"
EndProject
Project("{9A19103F-16F7-4668-BE54-9A1E7A4F7556}") = "trainee", "trainee\trainee.csproj", "{85FE7E18-954D-472B-ABC0-0F7435FCA5BC}"
EndProject
Project("{9A19103F-16F7-4668-BE54-9A1E7A4F7556}") = "test", "test\test.csproj", "{C78B85CE-5C01-474D-8BB6-778506333720}"
EndProject
Project("{9A19103F-16F7-4668-BE54-9A1E7A4F7556}") = "support", "support\support.csproj", "{19A0A7F4-4481-40D6-A1EE-9D89D246CEFA}"
EndProject
Project("{9A19103F-16F7-4668-BE54-9A1E7A4F7556}") = "differences", "differences\differences.csproj", "{76289E34-F78F-48F9-9E0B-79DF85E4E816}"
EndProject
Project("{9A19103F-16F7-4668-BE54-9A1E7A4F7556}") = "2 numbers", "2 numbers\2 numbers.csproj", "{2FB082B8-3BAA-40FE-B509-E1F507F20473}"
EndProject
Project("{9A19103F-16F7-4668-BE54-9A1E7A4F7556}") = "ConvertDouble", "ConvertDouble\ConvertDouble.csproj", "{20E53213-6AC8-44DB-BD63-D5E574936490}"
EndProject
Project("{9A19103F-16F7-4668-BE54-9A1E7A4F7556}") = "kata_circles", "kata_circles\kata_circles.csproj", "{0ECD547E-BC5A-4150-9491-399CF632CBC3}"
EndProject
Project("{9A19103F-16F7-4668-BE54-9A1E7A4F7556}") = "Example_2", "Example_2\Example_2.csproj", "{B66648A5-9473-4F5C-A604-E2038BC43EFA}"
EndProject
Project("{9A19103F-16F7-4668-BE54-9A1E7A4F7556}") = "04.08", "04.08\04.08.csproj", "{DB12DBCB-6C1C-41E2-8E5B-CF63447E0595}"
EndProject
Project("{9A19103F-16F7-4668-BE54-9A1E7A4F7556}") = "methods _08.08", "methods _08.08\methods _08.08.csproj", "{5A919E93-2CC1-4760-9ACA-033F871427DB}"
EndProject
Project("{9A19103F-16F7-4668-BE54-9A1E7A4F7556}") = "methods_10.08", "methods_10.08\methods_10.08.csproj", "{705636A5-BDBA-4493-8881-3FBD792C618C}"
EndProject
Project("{9A19103F-16F7-4668-BE54-9A1E7A4F7556}") = "katas_13.08", "katas_13.08\katas_13.08.csproj", "{D1845C40-8830-4E23-99C3-C81C6FA6C4A7}"
EndProject
Project("{9A19103F-16F7-4668-BE54-9A1E7A4F7556}") = "Timespan", "Timespan\Timespan.csproj", "{FCFF4312-8D7D-4C43-B9E1-CA1B85570150}"
EndProject
Project("{9A19103F-16F7-4668-BE54-9A1E7A4F7556}") = "katas_17.08", "katas_17.08\katas_17.08.csproj", "{C26E5895-3D1F-40BC-A9E9-5A0629FEF157}"
EndProject
Project("{9A19103F-16F7-4668-BE54-9A1E7A4F7556}") = "hometask_methods_18.08", "hometask_methods_18.08\hometask_methods_18.08.csproj", "{6F435C88-C028-4827-B2F9-6D605FD7DB41}"
EndProject
Project("{9A19103F-16F7-4668-BE54-9A1E7A4F7556}") = "18.08", "18.08\18.08.csproj", "{A822B005-2FC6-46C7-992C-F08035DFFF2A}"
EndProject
Project("{9A19103F-16F7-4668-BE54-9A1E7A4F7556}") = "hometask_ 22.08", "hometask_ 22.08\hometask_ 22.08.csproj", "{1C9EF54B-98BE-4DEE-84FB-62AEB7244066}"
EndProject
Project("{9A19103F-16F7-4668-BE54-9A1E7A4F7556}") = "homework_24.08", "homework_24.08\homework_24.08.csproj", "{C0355BCD-D839-4465-819B-0644F79BD6FB}"
EndProject
Project("{9A19103F-16F7-4668-BE54-9A1E7A4F7556}") = "savings", "savings\savings.csproj", "{0EC88882-7989-4BE3-86A3-E108941042DF}"
EndProject
Project("{9A19103F-16F7-4668-BE54-9A1E7A4F7556}") = "hometask_26.08", "hometask_26.08\hometask_26.08.csproj", "{4B087882-9623-457C-898D-1D092C5AF56A}"
EndProject
Project("{9A19103F-16F7-4668-BE54-9A1E7A4F7556}") = "27.08.2024-1", "27.08.2024-1\27.08.2024-1.csproj", "{8B386E09-F71E-42C6-9793-AC587A73E618}"
EndProject
Project("{9A19103F-16F7-4668-BE54-9A1E7A4F7556}") = "27.08.2024 - 2", "27.08.2024 - 2\27.08.2024 - 2.csproj", "{F95AFDC7-C7FC-4707-8B38-AE8DEFCDF5C0}"
EndProject
Project("{9A19103F-16F7-4668-BE54-9A1E7A4F7556}") = "27.08.2024- 3", "27.08.2024- 3\27.08.2024- 3.csproj", "{2D1AAB6E-474B-4E0F-9650-FADC178E4D95}"
EndProject
Project("{9A19103F-16F7-4668-BE54-9A1E7A4F7556}") = "27.08.2024 - 4", "27.08.2024 - 4\27.08.2024 - 4.csproj", "{DAA2C1FD-0E86-4DD2-B48A-46A798E6951F}"
EndProject
Project("{9A19103F-16F7-4668-BE54-9A1E7A4F7556}") = "29.08.2024 - 1", "29.08.2024 - 1\29.08.2024 - 1.csproj", "{F7CF2C7F-FC51-4432-AFD0-4F402EA84627}"
EndProject
Project("{9A19103F-16F7-4668-BE54-9A1E7A4F7556}") = "29.08.2024 - 4", "29.08.2024 - 2\29.08.2024 - 4.csproj", "{84344C42-6BE0-4D3A-9626-3FA43FBA1BB4}"
EndProject
Project("{9A19103F-16F7-4668-BE54-9A1E7A4F7556}") = "30.08.2024-2", "30.08.2024-2\30.08.2024-2.csproj", "{990A5A1A-17D2-4465-9A46-C66F1F424749}"
EndProject
Project("{9A19103F-16F7-4668-BE54-9A1E7A4F7556}") = "30.08.2024 - 3", "30.08.2024 - 3\30.08.2024 - 3.csproj", "{7D275ED8-887C-48B7-9AF6-6349435EEE09}"
EndProject
Project("{9A19103F-16F7-4668-BE54-9A1E7A4F7556}") = "03.09.2024 - 1", "03.09.2024 - 1\03.09.2024 - 1.csproj", "{DDDC9508-BDDF-40FD-A402-F30AC1A846A5}"
EndProject
Project("{9A19103F-16F7-4668-BE54-9A1E7A4F7556}") = "03.09.2024 - 2", "03.09.2024 - 2\03.09.2024 - 2.csproj", "{EFFA85C3-5D63-41CA-9E8C-A17521A7093A}"
EndProject
Project("{9A19103F-16F7-4668-BE54-9A1E7A4F7556}") = "03.09.2024-3", "03.09.2024-3\03.09.2024-3.csproj", "{4B790CAB-6BB2-4630-8593-8E98416A038C}"
EndProject
Project("{9A19103F-16F7-4668-BE54-9A1E7A4F7556}") = "04.09.2024", "04.09.2024\04.09.2024.csproj", "{6DA14829-3F5F-4044-AA2F-5F21E3AAF8C2}"
EndProject
Project("{9A19103F-16F7-4668-BE54-9A1E7A4F7556}") = "04.09.2024 - 2", "04.09.2024 - 2\04.09.2024 - 2.csproj", "{95E2D7A9-A99A-4446-AFE1-44B1FD61FC3D}"
EndProject
Project("{9A19103F-16F7-4668-BE54-9A1E7A4F7556}") = "04.09.2024-3", "04.09.2024-3\04.09.2024-3.csproj", "{67867C0E-FA08-412A-AADF-0C7BFD33C70A}"
EndProject
Project("{9A19103F-16F7-4668-BE54-9A1E7A4F7556}") = "04.09.2024-4", "04.09.2024-4\04.09.2024-4.csproj", "{A35485AB-591D-486F-8FDD-7B18B8106321}"
EndProject
Project("{9A19103F-16F7-4668-BE54-9A1E7A4F7556}") = "04.09.2024-5", "04.09.2024-5\04.09.2024-5.csproj", "{08E8B390-32E1-42EB-980B-CDFD10AFB042}"
EndProject
Project("{9A19103F-16F7-4668-BE54-9A1E7A4F7556}") = "04.09.2024 - 6", "04.09.2024 - 6\04.09.2024 - 6.csproj", "{B57CED64-52C4-4D42-9347-872B0E3A075E}"
EndProject
Project("{9A19103F-16F7-4668-BE54-9A1E7A4F7556}") = "04.09.2024-7", "04.09.2024-7\04.09.2024-7.csproj", "{0038EA19-4FF4-45B8-97E9-4EC741EFB5BD}"
EndProject
Project("{9A19103F-16F7-4668-BE54-9A1E7A4F7556}") = "06.09.2024 - 1", "06.09.2024 - 1\06.09.2024 - 1.csproj", "{C21B56C0-7F2C-48E0-9497-16D52D207E6E}"
EndProject
Project("{9A19103F-16F7-4668-BE54-9A1E7A4F7556}") = "04.09.2024-1", "04.09.2024-1\04.09.2024-1.csproj", "{0518D67E-7AA3-48DF-BCDB-BCF971CA6604}"
EndProject
Project("{9A19103F-16F7-4668-BE54-9A1E7A4F7556}") = "06.09.2024 - 2", "06.09.2024 - 2\06.09.2024 - 2.csproj", "{01B4072B-547D-4B66-97A0-3EA051E724C7}"
EndProject
Project("{9A19103F-16F7-4668-BE54-9A1E7A4F7556}") = "07.09.2024", "07.09.2024\07.09.2024.csproj", "{47DBFE84-3933-4C04-8238-2AD10B3EF54C}"
EndProject
Project("{9A19103F-16F7-4668-BE54-9A1E7A4F7556}") = "07.09.2024-2", "07.09.2024-2\07.09.2024-2.csproj", "{AF706D38-21E9-4532-83DD-24263B3D9142}"
EndProject
Project("{9A19103F-16F7-4668-BE54-9A1E7A4F7556}") = "08.09.2024", "08.09.2024\08.09.2024.csproj", "{5967E17C-8DF6-45AF-AE14-AD098B5A1E37}"
EndProject
Project("{9A19103F-16F7-4668-BE54-9A1E7A4F7556}") = "08.09.2024-2", "08.09.2024-2\08.09.2024-2.csproj", "{83AB12E6-DA79-4AC1-A6BE-A8E8783690EC}"
EndProject
Project("{9A19103F-16F7-4668-BE54-9A1E7A4F7556}") = "08.09.2024-3", "08.09.2024-3\08.09.2024-3.csproj", "{7683B1ED-F37C-48DC-80DF-95A99964AD7A}"
EndProject
Project("{9A19103F-16F7-4668-BE54-9A1E7A4F7556}") = "13.09.2024", "13.09.2024\13.09.2024.csproj", "{ACDE1BF2-0C30-40DE-945F-65FF97B26CE1}"
EndProject
Project("{9A19103F-16F7-4668-BE54-9A1E7A4F7556}") = "18.09", "18.09\18.09.csproj", "{437DEC40-E7F7-4070-A8EC-74E4AD88985F}"
EndProject
Project("{9A19103F-16F7-4668-BE54-9A1E7A4F7556}") = "18.09 - 2", "18.09 - 2\18.09 - 2.csproj", "{A125E016-992C-4C7E-93E4-BE639848BB6B}"
EndProject
Project("{9A19103F-16F7-4668-BE54-9A1E7A4F7556}") = "22.09.2024 - 1", "22.09.2024 - 1\22.09.2024 - 1.csproj", "{A2C97846-A83A-4A95-8B2A-F799BDA584C5}"
EndProject
Project("{9A19103F-16F7-4668-BE54-9A1E7A4F7556}") = "24.09  -1", "24.09  -1\24.09  -1.csproj", "{9A23E9AB-7F26-4034-A01A-C2DF6A5EEC56}"
EndProject
Project("{9A19103F-16F7-4668-BE54-9A1E7A4F7556}") = "27.09-1", "27.09-1\27.09-1.csproj", "{F7763DB0-CE4B-4989-A313-8B120AB86CBB}"
EndProject
Project("{9A19103F-16F7-4668-BE54-9A1E7A4F7556}") = "27.09-2", "27.09-2\27.09-2.csproj", "{5B4C5680-8E51-445C-8B16-50F954B64B55}"
EndProject
Project("{FAE04EC0-301F-11D3-BF4B-00C04F79EFBC}") = "28.09", "28.09\28.09.csproj", "{8D793FE7-94EA-44C9-BE1C-AA6BC07B95B5}"
EndProject
Project("{FAE04EC0-301F-11D3-BF4B-00C04F79EFBC}") = "28.09 - 2", "28.09 - 2\28.09 - 2.csproj", "{CE2D08FA-DE2C-44F9-A018-13DA92442846}"
EndProject
Project("{FAE04EC0-301F-11D3-BF4B-00C04F79EFBC}") = "28.09 - 3", "28.09 - 3\28.09 - 3.csproj", "{4DB6B7E9-B383-411F-A485-6FD729F52909}"
EndProject
Global
	GlobalSection(SolutionConfigurationPlatforms) = preSolution
		Debug|Any CPU = Debug|Any CPU
		Release|Any CPU = Release|Any CPU
	EndGlobalSection
	GlobalSection(ProjectConfigurationPlatforms) = postSolution
		{EBD609D8-6DCF-4F43-A888-17D8308ADADF}.Debug|Any CPU.ActiveCfg = Debug|Any CPU
		{EBD609D8-6DCF-4F43-A888-17D8308ADADF}.Debug|Any CPU.Build.0 = Debug|Any CPU
		{EBD609D8-6DCF-4F43-A888-17D8308ADADF}.Release|Any CPU.ActiveCfg = Release|Any CPU
		{EBD609D8-6DCF-4F43-A888-17D8308ADADF}.Release|Any CPU.Build.0 = Release|Any CPU
		{39F80557-8E78-4068-8A30-79F3BD544F50}.Debug|Any CPU.ActiveCfg = Debug|Any CPU
		{39F80557-8E78-4068-8A30-79F3BD544F50}.Debug|Any CPU.Build.0 = Debug|Any CPU
		{39F80557-8E78-4068-8A30-79F3BD544F50}.Release|Any CPU.ActiveCfg = Release|Any CPU
		{39F80557-8E78-4068-8A30-79F3BD544F50}.Release|Any CPU.Build.0 = Release|Any CPU
		{E5BEEDC2-70F4-4F20-8090-4E30CD8F417F}.Debug|Any CPU.ActiveCfg = Debug|Any CPU
		{E5BEEDC2-70F4-4F20-8090-4E30CD8F417F}.Debug|Any CPU.Build.0 = Debug|Any CPU
		{E5BEEDC2-70F4-4F20-8090-4E30CD8F417F}.Release|Any CPU.ActiveCfg = Release|Any CPU
		{E5BEEDC2-70F4-4F20-8090-4E30CD8F417F}.Release|Any CPU.Build.0 = Release|Any CPU
		{9BEFE6BF-21BC-4699-8429-ACC53BA77E5D}.Debug|Any CPU.ActiveCfg = Debug|Any CPU
		{9BEFE6BF-21BC-4699-8429-ACC53BA77E5D}.Debug|Any CPU.Build.0 = Debug|Any CPU
		{9BEFE6BF-21BC-4699-8429-ACC53BA77E5D}.Release|Any CPU.ActiveCfg = Release|Any CPU
		{9BEFE6BF-21BC-4699-8429-ACC53BA77E5D}.Release|Any CPU.Build.0 = Release|Any CPU
		{9D4818A2-4F0B-444B-8293-A5A2E0CB239E}.Debug|Any CPU.ActiveCfg = Debug|Any CPU
		{9D4818A2-4F0B-444B-8293-A5A2E0CB239E}.Debug|Any CPU.Build.0 = Debug|Any CPU
		{9D4818A2-4F0B-444B-8293-A5A2E0CB239E}.Release|Any CPU.ActiveCfg = Release|Any CPU
		{9D4818A2-4F0B-444B-8293-A5A2E0CB239E}.Release|Any CPU.Build.0 = Release|Any CPU
		{0EC67780-5534-4D9F-BA80-E1533DF82802}.Debug|Any CPU.ActiveCfg = Debug|Any CPU
		{0EC67780-5534-4D9F-BA80-E1533DF82802}.Debug|Any CPU.Build.0 = Debug|Any CPU
		{0EC67780-5534-4D9F-BA80-E1533DF82802}.Release|Any CPU.ActiveCfg = Release|Any CPU
		{0EC67780-5534-4D9F-BA80-E1533DF82802}.Release|Any CPU.Build.0 = Release|Any CPU
		{95F6D936-A980-4848-BD86-AA72140F2F7E}.Debug|Any CPU.ActiveCfg = Debug|Any CPU
		{95F6D936-A980-4848-BD86-AA72140F2F7E}.Debug|Any CPU.Build.0 = Debug|Any CPU
		{95F6D936-A980-4848-BD86-AA72140F2F7E}.Release|Any CPU.ActiveCfg = Release|Any CPU
		{95F6D936-A980-4848-BD86-AA72140F2F7E}.Release|Any CPU.Build.0 = Release|Any CPU
		{85FE7E18-954D-472B-ABC0-0F7435FCA5BC}.Debug|Any CPU.ActiveCfg = Debug|Any CPU
		{85FE7E18-954D-472B-ABC0-0F7435FCA5BC}.Debug|Any CPU.Build.0 = Debug|Any CPU
		{85FE7E18-954D-472B-ABC0-0F7435FCA5BC}.Release|Any CPU.ActiveCfg = Release|Any CPU
		{85FE7E18-954D-472B-ABC0-0F7435FCA5BC}.Release|Any CPU.Build.0 = Release|Any CPU
		{C78B85CE-5C01-474D-8BB6-778506333720}.Debug|Any CPU.ActiveCfg = Debug|Any CPU
		{C78B85CE-5C01-474D-8BB6-778506333720}.Debug|Any CPU.Build.0 = Debug|Any CPU
		{C78B85CE-5C01-474D-8BB6-778506333720}.Release|Any CPU.ActiveCfg = Release|Any CPU
		{C78B85CE-5C01-474D-8BB6-778506333720}.Release|Any CPU.Build.0 = Release|Any CPU
		{19A0A7F4-4481-40D6-A1EE-9D89D246CEFA}.Debug|Any CPU.ActiveCfg = Debug|Any CPU
		{19A0A7F4-4481-40D6-A1EE-9D89D246CEFA}.Debug|Any CPU.Build.0 = Debug|Any CPU
		{19A0A7F4-4481-40D6-A1EE-9D89D246CEFA}.Release|Any CPU.ActiveCfg = Release|Any CPU
		{19A0A7F4-4481-40D6-A1EE-9D89D246CEFA}.Release|Any CPU.Build.0 = Release|Any CPU
		{76289E34-F78F-48F9-9E0B-79DF85E4E816}.Debug|Any CPU.ActiveCfg = Debug|Any CPU
		{76289E34-F78F-48F9-9E0B-79DF85E4E816}.Debug|Any CPU.Build.0 = Debug|Any CPU
		{76289E34-F78F-48F9-9E0B-79DF85E4E816}.Release|Any CPU.ActiveCfg = Release|Any CPU
		{76289E34-F78F-48F9-9E0B-79DF85E4E816}.Release|Any CPU.Build.0 = Release|Any CPU
		{2FB082B8-3BAA-40FE-B509-E1F507F20473}.Debug|Any CPU.ActiveCfg = Debug|Any CPU
		{2FB082B8-3BAA-40FE-B509-E1F507F20473}.Debug|Any CPU.Build.0 = Debug|Any CPU
		{2FB082B8-3BAA-40FE-B509-E1F507F20473}.Release|Any CPU.ActiveCfg = Release|Any CPU
		{2FB082B8-3BAA-40FE-B509-E1F507F20473}.Release|Any CPU.Build.0 = Release|Any CPU
		{20E53213-6AC8-44DB-BD63-D5E574936490}.Debug|Any CPU.ActiveCfg = Debug|Any CPU
		{20E53213-6AC8-44DB-BD63-D5E574936490}.Debug|Any CPU.Build.0 = Debug|Any CPU
		{20E53213-6AC8-44DB-BD63-D5E574936490}.Release|Any CPU.ActiveCfg = Release|Any CPU
		{20E53213-6AC8-44DB-BD63-D5E574936490}.Release|Any CPU.Build.0 = Release|Any CPU
		{0ECD547E-BC5A-4150-9491-399CF632CBC3}.Debug|Any CPU.ActiveCfg = Debug|Any CPU
		{0ECD547E-BC5A-4150-9491-399CF632CBC3}.Debug|Any CPU.Build.0 = Debug|Any CPU
		{0ECD547E-BC5A-4150-9491-399CF632CBC3}.Release|Any CPU.ActiveCfg = Release|Any CPU
		{0ECD547E-BC5A-4150-9491-399CF632CBC3}.Release|Any CPU.Build.0 = Release|Any CPU
		{B66648A5-9473-4F5C-A604-E2038BC43EFA}.Debug|Any CPU.ActiveCfg = Debug|Any CPU
		{B66648A5-9473-4F5C-A604-E2038BC43EFA}.Debug|Any CPU.Build.0 = Debug|Any CPU
		{B66648A5-9473-4F5C-A604-E2038BC43EFA}.Release|Any CPU.ActiveCfg = Release|Any CPU
		{B66648A5-9473-4F5C-A604-E2038BC43EFA}.Release|Any CPU.Build.0 = Release|Any CPU
		{DB12DBCB-6C1C-41E2-8E5B-CF63447E0595}.Debug|Any CPU.ActiveCfg = Debug|Any CPU
		{DB12DBCB-6C1C-41E2-8E5B-CF63447E0595}.Debug|Any CPU.Build.0 = Debug|Any CPU
		{DB12DBCB-6C1C-41E2-8E5B-CF63447E0595}.Release|Any CPU.ActiveCfg = Release|Any CPU
		{DB12DBCB-6C1C-41E2-8E5B-CF63447E0595}.Release|Any CPU.Build.0 = Release|Any CPU
		{5A919E93-2CC1-4760-9ACA-033F871427DB}.Debug|Any CPU.ActiveCfg = Debug|Any CPU
		{5A919E93-2CC1-4760-9ACA-033F871427DB}.Debug|Any CPU.Build.0 = Debug|Any CPU
		{5A919E93-2CC1-4760-9ACA-033F871427DB}.Release|Any CPU.ActiveCfg = Release|Any CPU
		{5A919E93-2CC1-4760-9ACA-033F871427DB}.Release|Any CPU.Build.0 = Release|Any CPU
		{705636A5-BDBA-4493-8881-3FBD792C618C}.Debug|Any CPU.ActiveCfg = Debug|Any CPU
		{705636A5-BDBA-4493-8881-3FBD792C618C}.Debug|Any CPU.Build.0 = Debug|Any CPU
		{705636A5-BDBA-4493-8881-3FBD792C618C}.Release|Any CPU.ActiveCfg = Release|Any CPU
		{705636A5-BDBA-4493-8881-3FBD792C618C}.Release|Any CPU.Build.0 = Release|Any CPU
		{D1845C40-8830-4E23-99C3-C81C6FA6C4A7}.Debug|Any CPU.ActiveCfg = Debug|Any CPU
		{D1845C40-8830-4E23-99C3-C81C6FA6C4A7}.Debug|Any CPU.Build.0 = Debug|Any CPU
		{D1845C40-8830-4E23-99C3-C81C6FA6C4A7}.Release|Any CPU.ActiveCfg = Release|Any CPU
		{D1845C40-8830-4E23-99C3-C81C6FA6C4A7}.Release|Any CPU.Build.0 = Release|Any CPU
		{FCFF4312-8D7D-4C43-B9E1-CA1B85570150}.Debug|Any CPU.ActiveCfg = Debug|Any CPU
		{FCFF4312-8D7D-4C43-B9E1-CA1B85570150}.Debug|Any CPU.Build.0 = Debug|Any CPU
		{FCFF4312-8D7D-4C43-B9E1-CA1B85570150}.Release|Any CPU.ActiveCfg = Release|Any CPU
		{FCFF4312-8D7D-4C43-B9E1-CA1B85570150}.Release|Any CPU.Build.0 = Release|Any CPU
		{C26E5895-3D1F-40BC-A9E9-5A0629FEF157}.Debug|Any CPU.ActiveCfg = Debug|Any CPU
		{C26E5895-3D1F-40BC-A9E9-5A0629FEF157}.Debug|Any CPU.Build.0 = Debug|Any CPU
		{C26E5895-3D1F-40BC-A9E9-5A0629FEF157}.Release|Any CPU.ActiveCfg = Release|Any CPU
		{C26E5895-3D1F-40BC-A9E9-5A0629FEF157}.Release|Any CPU.Build.0 = Release|Any CPU
		{6F435C88-C028-4827-B2F9-6D605FD7DB41}.Debug|Any CPU.ActiveCfg = Debug|Any CPU
		{6F435C88-C028-4827-B2F9-6D605FD7DB41}.Debug|Any CPU.Build.0 = Debug|Any CPU
		{6F435C88-C028-4827-B2F9-6D605FD7DB41}.Release|Any CPU.ActiveCfg = Release|Any CPU
		{6F435C88-C028-4827-B2F9-6D605FD7DB41}.Release|Any CPU.Build.0 = Release|Any CPU
		{A822B005-2FC6-46C7-992C-F08035DFFF2A}.Debug|Any CPU.ActiveCfg = Debug|Any CPU
		{A822B005-2FC6-46C7-992C-F08035DFFF2A}.Debug|Any CPU.Build.0 = Debug|Any CPU
		{A822B005-2FC6-46C7-992C-F08035DFFF2A}.Release|Any CPU.ActiveCfg = Release|Any CPU
		{A822B005-2FC6-46C7-992C-F08035DFFF2A}.Release|Any CPU.Build.0 = Release|Any CPU
		{1C9EF54B-98BE-4DEE-84FB-62AEB7244066}.Debug|Any CPU.ActiveCfg = Debug|Any CPU
		{1C9EF54B-98BE-4DEE-84FB-62AEB7244066}.Debug|Any CPU.Build.0 = Debug|Any CPU
		{1C9EF54B-98BE-4DEE-84FB-62AEB7244066}.Release|Any CPU.ActiveCfg = Release|Any CPU
		{1C9EF54B-98BE-4DEE-84FB-62AEB7244066}.Release|Any CPU.Build.0 = Release|Any CPU
		{C0355BCD-D839-4465-819B-0644F79BD6FB}.Debug|Any CPU.ActiveCfg = Debug|Any CPU
		{C0355BCD-D839-4465-819B-0644F79BD6FB}.Debug|Any CPU.Build.0 = Debug|Any CPU
		{C0355BCD-D839-4465-819B-0644F79BD6FB}.Release|Any CPU.ActiveCfg = Release|Any CPU
		{C0355BCD-D839-4465-819B-0644F79BD6FB}.Release|Any CPU.Build.0 = Release|Any CPU
		{0EC88882-7989-4BE3-86A3-E108941042DF}.Debug|Any CPU.ActiveCfg = Debug|Any CPU
		{0EC88882-7989-4BE3-86A3-E108941042DF}.Debug|Any CPU.Build.0 = Debug|Any CPU
		{0EC88882-7989-4BE3-86A3-E108941042DF}.Release|Any CPU.ActiveCfg = Release|Any CPU
		{0EC88882-7989-4BE3-86A3-E108941042DF}.Release|Any CPU.Build.0 = Release|Any CPU
		{4B087882-9623-457C-898D-1D092C5AF56A}.Debug|Any CPU.ActiveCfg = Debug|Any CPU
		{4B087882-9623-457C-898D-1D092C5AF56A}.Debug|Any CPU.Build.0 = Debug|Any CPU
		{4B087882-9623-457C-898D-1D092C5AF56A}.Release|Any CPU.ActiveCfg = Release|Any CPU
		{4B087882-9623-457C-898D-1D092C5AF56A}.Release|Any CPU.Build.0 = Release|Any CPU
		{8B386E09-F71E-42C6-9793-AC587A73E618}.Debug|Any CPU.ActiveCfg = Debug|Any CPU
		{8B386E09-F71E-42C6-9793-AC587A73E618}.Debug|Any CPU.Build.0 = Debug|Any CPU
		{8B386E09-F71E-42C6-9793-AC587A73E618}.Release|Any CPU.ActiveCfg = Release|Any CPU
		{8B386E09-F71E-42C6-9793-AC587A73E618}.Release|Any CPU.Build.0 = Release|Any CPU
		{F95AFDC7-C7FC-4707-8B38-AE8DEFCDF5C0}.Debug|Any CPU.ActiveCfg = Debug|Any CPU
		{F95AFDC7-C7FC-4707-8B38-AE8DEFCDF5C0}.Debug|Any CPU.Build.0 = Debug|Any CPU
		{F95AFDC7-C7FC-4707-8B38-AE8DEFCDF5C0}.Release|Any CPU.ActiveCfg = Release|Any CPU
		{F95AFDC7-C7FC-4707-8B38-AE8DEFCDF5C0}.Release|Any CPU.Build.0 = Release|Any CPU
		{2D1AAB6E-474B-4E0F-9650-FADC178E4D95}.Debug|Any CPU.ActiveCfg = Debug|Any CPU
		{2D1AAB6E-474B-4E0F-9650-FADC178E4D95}.Debug|Any CPU.Build.0 = Debug|Any CPU
		{2D1AAB6E-474B-4E0F-9650-FADC178E4D95}.Release|Any CPU.ActiveCfg = Release|Any CPU
		{2D1AAB6E-474B-4E0F-9650-FADC178E4D95}.Release|Any CPU.Build.0 = Release|Any CPU
		{DAA2C1FD-0E86-4DD2-B48A-46A798E6951F}.Debug|Any CPU.ActiveCfg = Debug|Any CPU
		{DAA2C1FD-0E86-4DD2-B48A-46A798E6951F}.Debug|Any CPU.Build.0 = Debug|Any CPU
		{DAA2C1FD-0E86-4DD2-B48A-46A798E6951F}.Release|Any CPU.ActiveCfg = Release|Any CPU
		{DAA2C1FD-0E86-4DD2-B48A-46A798E6951F}.Release|Any CPU.Build.0 = Release|Any CPU
		{F7CF2C7F-FC51-4432-AFD0-4F402EA84627}.Debug|Any CPU.ActiveCfg = Debug|Any CPU
		{F7CF2C7F-FC51-4432-AFD0-4F402EA84627}.Debug|Any CPU.Build.0 = Debug|Any CPU
		{F7CF2C7F-FC51-4432-AFD0-4F402EA84627}.Release|Any CPU.ActiveCfg = Release|Any CPU
		{F7CF2C7F-FC51-4432-AFD0-4F402EA84627}.Release|Any CPU.Build.0 = Release|Any CPU
		{84344C42-6BE0-4D3A-9626-3FA43FBA1BB4}.Debug|Any CPU.ActiveCfg = Debug|Any CPU
		{84344C42-6BE0-4D3A-9626-3FA43FBA1BB4}.Debug|Any CPU.Build.0 = Debug|Any CPU
		{84344C42-6BE0-4D3A-9626-3FA43FBA1BB4}.Release|Any CPU.ActiveCfg = Release|Any CPU
		{84344C42-6BE0-4D3A-9626-3FA43FBA1BB4}.Release|Any CPU.Build.0 = Release|Any CPU
		{990A5A1A-17D2-4465-9A46-C66F1F424749}.Debug|Any CPU.ActiveCfg = Debug|Any CPU
		{990A5A1A-17D2-4465-9A46-C66F1F424749}.Debug|Any CPU.Build.0 = Debug|Any CPU
		{990A5A1A-17D2-4465-9A46-C66F1F424749}.Release|Any CPU.ActiveCfg = Release|Any CPU
		{990A5A1A-17D2-4465-9A46-C66F1F424749}.Release|Any CPU.Build.0 = Release|Any CPU
		{7D275ED8-887C-48B7-9AF6-6349435EEE09}.Debug|Any CPU.ActiveCfg = Debug|Any CPU
		{7D275ED8-887C-48B7-9AF6-6349435EEE09}.Debug|Any CPU.Build.0 = Debug|Any CPU
		{7D275ED8-887C-48B7-9AF6-6349435EEE09}.Release|Any CPU.ActiveCfg = Release|Any CPU
		{7D275ED8-887C-48B7-9AF6-6349435EEE09}.Release|Any CPU.Build.0 = Release|Any CPU
		{DDDC9508-BDDF-40FD-A402-F30AC1A846A5}.Debug|Any CPU.ActiveCfg = Debug|Any CPU
		{DDDC9508-BDDF-40FD-A402-F30AC1A846A5}.Debug|Any CPU.Build.0 = Debug|Any CPU
		{DDDC9508-BDDF-40FD-A402-F30AC1A846A5}.Release|Any CPU.ActiveCfg = Release|Any CPU
		{DDDC9508-BDDF-40FD-A402-F30AC1A846A5}.Release|Any CPU.Build.0 = Release|Any CPU
		{EFFA85C3-5D63-41CA-9E8C-A17521A7093A}.Debug|Any CPU.ActiveCfg = Debug|Any CPU
		{EFFA85C3-5D63-41CA-9E8C-A17521A7093A}.Debug|Any CPU.Build.0 = Debug|Any CPU
		{EFFA85C3-5D63-41CA-9E8C-A17521A7093A}.Release|Any CPU.ActiveCfg = Release|Any CPU
		{EFFA85C3-5D63-41CA-9E8C-A17521A7093A}.Release|Any CPU.Build.0 = Release|Any CPU
		{4B790CAB-6BB2-4630-8593-8E98416A038C}.Debug|Any CPU.ActiveCfg = Debug|Any CPU
		{4B790CAB-6BB2-4630-8593-8E98416A038C}.Debug|Any CPU.Build.0 = Debug|Any CPU
		{4B790CAB-6BB2-4630-8593-8E98416A038C}.Release|Any CPU.ActiveCfg = Release|Any CPU
		{4B790CAB-6BB2-4630-8593-8E98416A038C}.Release|Any CPU.Build.0 = Release|Any CPU
		{6DA14829-3F5F-4044-AA2F-5F21E3AAF8C2}.Debug|Any CPU.ActiveCfg = Debug|Any CPU
		{6DA14829-3F5F-4044-AA2F-5F21E3AAF8C2}.Debug|Any CPU.Build.0 = Debug|Any CPU
		{6DA14829-3F5F-4044-AA2F-5F21E3AAF8C2}.Release|Any CPU.ActiveCfg = Release|Any CPU
		{6DA14829-3F5F-4044-AA2F-5F21E3AAF8C2}.Release|Any CPU.Build.0 = Release|Any CPU
		{95E2D7A9-A99A-4446-AFE1-44B1FD61FC3D}.Debug|Any CPU.ActiveCfg = Debug|Any CPU
		{95E2D7A9-A99A-4446-AFE1-44B1FD61FC3D}.Debug|Any CPU.Build.0 = Debug|Any CPU
		{95E2D7A9-A99A-4446-AFE1-44B1FD61FC3D}.Release|Any CPU.ActiveCfg = Release|Any CPU
		{95E2D7A9-A99A-4446-AFE1-44B1FD61FC3D}.Release|Any CPU.Build.0 = Release|Any CPU
		{67867C0E-FA08-412A-AADF-0C7BFD33C70A}.Debug|Any CPU.ActiveCfg = Debug|Any CPU
		{67867C0E-FA08-412A-AADF-0C7BFD33C70A}.Debug|Any CPU.Build.0 = Debug|Any CPU
		{67867C0E-FA08-412A-AADF-0C7BFD33C70A}.Release|Any CPU.ActiveCfg = Release|Any CPU
		{67867C0E-FA08-412A-AADF-0C7BFD33C70A}.Release|Any CPU.Build.0 = Release|Any CPU
		{A35485AB-591D-486F-8FDD-7B18B8106321}.Debug|Any CPU.ActiveCfg = Debug|Any CPU
		{A35485AB-591D-486F-8FDD-7B18B8106321}.Debug|Any CPU.Build.0 = Debug|Any CPU
		{A35485AB-591D-486F-8FDD-7B18B8106321}.Release|Any CPU.ActiveCfg = Release|Any CPU
		{A35485AB-591D-486F-8FDD-7B18B8106321}.Release|Any CPU.Build.0 = Release|Any CPU
		{08E8B390-32E1-42EB-980B-CDFD10AFB042}.Debug|Any CPU.ActiveCfg = Debug|Any CPU
		{08E8B390-32E1-42EB-980B-CDFD10AFB042}.Debug|Any CPU.Build.0 = Debug|Any CPU
		{08E8B390-32E1-42EB-980B-CDFD10AFB042}.Release|Any CPU.ActiveCfg = Release|Any CPU
		{08E8B390-32E1-42EB-980B-CDFD10AFB042}.Release|Any CPU.Build.0 = Release|Any CPU
		{B57CED64-52C4-4D42-9347-872B0E3A075E}.Debug|Any CPU.ActiveCfg = Debug|Any CPU
		{B57CED64-52C4-4D42-9347-872B0E3A075E}.Debug|Any CPU.Build.0 = Debug|Any CPU
		{B57CED64-52C4-4D42-9347-872B0E3A075E}.Release|Any CPU.ActiveCfg = Release|Any CPU
		{B57CED64-52C4-4D42-9347-872B0E3A075E}.Release|Any CPU.Build.0 = Release|Any CPU
		{0038EA19-4FF4-45B8-97E9-4EC741EFB5BD}.Debug|Any CPU.ActiveCfg = Debug|Any CPU
		{0038EA19-4FF4-45B8-97E9-4EC741EFB5BD}.Debug|Any CPU.Build.0 = Debug|Any CPU
		{0038EA19-4FF4-45B8-97E9-4EC741EFB5BD}.Release|Any CPU.ActiveCfg = Release|Any CPU
		{0038EA19-4FF4-45B8-97E9-4EC741EFB5BD}.Release|Any CPU.Build.0 = Release|Any CPU
		{C21B56C0-7F2C-48E0-9497-16D52D207E6E}.Debug|Any CPU.ActiveCfg = Debug|Any CPU
		{C21B56C0-7F2C-48E0-9497-16D52D207E6E}.Debug|Any CPU.Build.0 = Debug|Any CPU
		{C21B56C0-7F2C-48E0-9497-16D52D207E6E}.Release|Any CPU.ActiveCfg = Release|Any CPU
		{C21B56C0-7F2C-48E0-9497-16D52D207E6E}.Release|Any CPU.Build.0 = Release|Any CPU
		{0518D67E-7AA3-48DF-BCDB-BCF971CA6604}.Debug|Any CPU.ActiveCfg = Debug|Any CPU
		{0518D67E-7AA3-48DF-BCDB-BCF971CA6604}.Debug|Any CPU.Build.0 = Debug|Any CPU
		{0518D67E-7AA3-48DF-BCDB-BCF971CA6604}.Release|Any CPU.ActiveCfg = Release|Any CPU
		{0518D67E-7AA3-48DF-BCDB-BCF971CA6604}.Release|Any CPU.Build.0 = Release|Any CPU
		{01B4072B-547D-4B66-97A0-3EA051E724C7}.Debug|Any CPU.ActiveCfg = Debug|Any CPU
		{01B4072B-547D-4B66-97A0-3EA051E724C7}.Debug|Any CPU.Build.0 = Debug|Any CPU
		{01B4072B-547D-4B66-97A0-3EA051E724C7}.Release|Any CPU.ActiveCfg = Release|Any CPU
		{01B4072B-547D-4B66-97A0-3EA051E724C7}.Release|Any CPU.Build.0 = Release|Any CPU
		{47DBFE84-3933-4C04-8238-2AD10B3EF54C}.Debug|Any CPU.ActiveCfg = Debug|Any CPU
		{47DBFE84-3933-4C04-8238-2AD10B3EF54C}.Debug|Any CPU.Build.0 = Debug|Any CPU
		{47DBFE84-3933-4C04-8238-2AD10B3EF54C}.Release|Any CPU.ActiveCfg = Release|Any CPU
		{47DBFE84-3933-4C04-8238-2AD10B3EF54C}.Release|Any CPU.Build.0 = Release|Any CPU
		{AF706D38-21E9-4532-83DD-24263B3D9142}.Debug|Any CPU.ActiveCfg = Debug|Any CPU
		{AF706D38-21E9-4532-83DD-24263B3D9142}.Debug|Any CPU.Build.0 = Debug|Any CPU
		{AF706D38-21E9-4532-83DD-24263B3D9142}.Release|Any CPU.ActiveCfg = Release|Any CPU
		{AF706D38-21E9-4532-83DD-24263B3D9142}.Release|Any CPU.Build.0 = Release|Any CPU
		{5967E17C-8DF6-45AF-AE14-AD098B5A1E37}.Debug|Any CPU.ActiveCfg = Debug|Any CPU
		{5967E17C-8DF6-45AF-AE14-AD098B5A1E37}.Debug|Any CPU.Build.0 = Debug|Any CPU
		{5967E17C-8DF6-45AF-AE14-AD098B5A1E37}.Release|Any CPU.ActiveCfg = Release|Any CPU
		{5967E17C-8DF6-45AF-AE14-AD098B5A1E37}.Release|Any CPU.Build.0 = Release|Any CPU
		{83AB12E6-DA79-4AC1-A6BE-A8E8783690EC}.Debug|Any CPU.ActiveCfg = Debug|Any CPU
		{83AB12E6-DA79-4AC1-A6BE-A8E8783690EC}.Debug|Any CPU.Build.0 = Debug|Any CPU
		{83AB12E6-DA79-4AC1-A6BE-A8E8783690EC}.Release|Any CPU.ActiveCfg = Release|Any CPU
		{83AB12E6-DA79-4AC1-A6BE-A8E8783690EC}.Release|Any CPU.Build.0 = Release|Any CPU
		{7683B1ED-F37C-48DC-80DF-95A99964AD7A}.Debug|Any CPU.ActiveCfg = Debug|Any CPU
		{7683B1ED-F37C-48DC-80DF-95A99964AD7A}.Debug|Any CPU.Build.0 = Debug|Any CPU
		{7683B1ED-F37C-48DC-80DF-95A99964AD7A}.Release|Any CPU.ActiveCfg = Release|Any CPU
		{7683B1ED-F37C-48DC-80DF-95A99964AD7A}.Release|Any CPU.Build.0 = Release|Any CPU
		{ACDE1BF2-0C30-40DE-945F-65FF97B26CE1}.Debug|Any CPU.ActiveCfg = Debug|Any CPU
		{ACDE1BF2-0C30-40DE-945F-65FF97B26CE1}.Debug|Any CPU.Build.0 = Debug|Any CPU
		{ACDE1BF2-0C30-40DE-945F-65FF97B26CE1}.Release|Any CPU.ActiveCfg = Release|Any CPU
		{ACDE1BF2-0C30-40DE-945F-65FF97B26CE1}.Release|Any CPU.Build.0 = Release|Any CPU
		{437DEC40-E7F7-4070-A8EC-74E4AD88985F}.Debug|Any CPU.ActiveCfg = Debug|Any CPU
		{437DEC40-E7F7-4070-A8EC-74E4AD88985F}.Debug|Any CPU.Build.0 = Debug|Any CPU
		{437DEC40-E7F7-4070-A8EC-74E4AD88985F}.Release|Any CPU.ActiveCfg = Release|Any CPU
		{437DEC40-E7F7-4070-A8EC-74E4AD88985F}.Release|Any CPU.Build.0 = Release|Any CPU
		{A125E016-992C-4C7E-93E4-BE639848BB6B}.Debug|Any CPU.ActiveCfg = Debug|Any CPU
		{A125E016-992C-4C7E-93E4-BE639848BB6B}.Debug|Any CPU.Build.0 = Debug|Any CPU
		{A125E016-992C-4C7E-93E4-BE639848BB6B}.Release|Any CPU.ActiveCfg = Release|Any CPU
		{A125E016-992C-4C7E-93E4-BE639848BB6B}.Release|Any CPU.Build.0 = Release|Any CPU
		{A2C97846-A83A-4A95-8B2A-F799BDA584C5}.Debug|Any CPU.ActiveCfg = Debug|Any CPU
		{A2C97846-A83A-4A95-8B2A-F799BDA584C5}.Debug|Any CPU.Build.0 = Debug|Any CPU
		{A2C97846-A83A-4A95-8B2A-F799BDA584C5}.Release|Any CPU.ActiveCfg = Release|Any CPU
		{A2C97846-A83A-4A95-8B2A-F799BDA584C5}.Release|Any CPU.Build.0 = Release|Any CPU
		{9A23E9AB-7F26-4034-A01A-C2DF6A5EEC56}.Debug|Any CPU.ActiveCfg = Debug|Any CPU
		{9A23E9AB-7F26-4034-A01A-C2DF6A5EEC56}.Debug|Any CPU.Build.0 = Debug|Any CPU
		{9A23E9AB-7F26-4034-A01A-C2DF6A5EEC56}.Release|Any CPU.ActiveCfg = Release|Any CPU
		{9A23E9AB-7F26-4034-A01A-C2DF6A5EEC56}.Release|Any CPU.Build.0 = Release|Any CPU
		{F7763DB0-CE4B-4989-A313-8B120AB86CBB}.Debug|Any CPU.ActiveCfg = Debug|Any CPU
		{F7763DB0-CE4B-4989-A313-8B120AB86CBB}.Debug|Any CPU.Build.0 = Debug|Any CPU
		{F7763DB0-CE4B-4989-A313-8B120AB86CBB}.Release|Any CPU.ActiveCfg = Release|Any CPU
		{F7763DB0-CE4B-4989-A313-8B120AB86CBB}.Release|Any CPU.Build.0 = Release|Any CPU
		{5B4C5680-8E51-445C-8B16-50F954B64B55}.Debug|Any CPU.ActiveCfg = Debug|Any CPU
		{5B4C5680-8E51-445C-8B16-50F954B64B55}.Debug|Any CPU.Build.0 = Debug|Any CPU
		{5B4C5680-8E51-445C-8B16-50F954B64B55}.Release|Any CPU.ActiveCfg = Release|Any CPU
		{5B4C5680-8E51-445C-8B16-50F954B64B55}.Release|Any CPU.Build.0 = Release|Any CPU
		{8D793FE7-94EA-44C9-BE1C-AA6BC07B95B5}.Debug|Any CPU.ActiveCfg = Debug|Any CPU
		{8D793FE7-94EA-44C9-BE1C-AA6BC07B95B5}.Debug|Any CPU.Build.0 = Debug|Any CPU
		{8D793FE7-94EA-44C9-BE1C-AA6BC07B95B5}.Release|Any CPU.ActiveCfg = Release|Any CPU
		{8D793FE7-94EA-44C9-BE1C-AA6BC07B95B5}.Release|Any CPU.Build.0 = Release|Any CPU
		{CE2D08FA-DE2C-44F9-A018-13DA92442846}.Debug|Any CPU.ActiveCfg = Debug|Any CPU
		{CE2D08FA-DE2C-44F9-A018-13DA92442846}.Debug|Any CPU.Build.0 = Debug|Any CPU
		{CE2D08FA-DE2C-44F9-A018-13DA92442846}.Release|Any CPU.ActiveCfg = Release|Any CPU
		{CE2D08FA-DE2C-44F9-A018-13DA92442846}.Release|Any CPU.Build.0 = Release|Any CPU
		{4DB6B7E9-B383-411F-A485-6FD729F52909}.Debug|Any CPU.ActiveCfg = Debug|Any CPU
		{4DB6B7E9-B383-411F-A485-6FD729F52909}.Debug|Any CPU.Build.0 = Debug|Any CPU
		{4DB6B7E9-B383-411F-A485-6FD729F52909}.Release|Any CPU.ActiveCfg = Release|Any CPU
		{4DB6B7E9-B383-411F-A485-6FD729F52909}.Release|Any CPU.Build.0 = Release|Any CPU
	EndGlobalSection
	GlobalSection(SolutionProperties) = preSolution
		HideSolutionNode = FALSE
	EndGlobalSection
	GlobalSection(ExtensibilityGlobals) = postSolution
		SolutionGuid = {755F4DC8-2DAA-4697-A546-D968DF394C24}
	EndGlobalSection
EndGlobal
